
Microsoft Visual Studio Solution File, Format Version 12.00
# Visual Studio Version 17
VisualStudioVersion = 17.0.31903.59
MinimumVisualStudioVersion = 10.0.40219.1
Project("{FAE04EC0-301F-11D3-BF4B-00C04F79EFBC}") = "Sistema_De_Estacionamento", "Sistema_De_Estacionamento\Sistema_De_Estacionamento.csproj", "{6386AC4A-05E0-473A-A22F-CE1802B0E9EB}"
EndProject
Project("{FAE04EC0-301F-11D3-BF4B-00C04F79EFBC}") = "Projeto_main", "Projeto_main\Projeto_main.csproj", "{7CF804B6-11FF-47B5-8987-8F7FFF249941}"
EndProject
Global
	GlobalSection(SolutionConfigurationPlatforms) = preSolution
		Debug|Any CPU = Debug|Any CPU
		Release|Any CPU = Release|Any CPU
	EndGlobalSection
	GlobalSection(SolutionProperties) = preSolution
		HideSolutionNode = FALSE
	EndGlobalSection
	GlobalSection(ProjectConfigurationPlatforms) = postSolution
		{6386AC4A-05E0-473A-A22F-CE1802B0E9EB}.Debug|Any CPU.ActiveCfg = Debug|Any CPU
		{6386AC4A-05E0-473A-A22F-CE1802B0E9EB}.Debug|Any CPU.Build.0 = Debug|Any CPU
		{6386AC4A-05E0-473A-A22F-CE1802B0E9EB}.Release|Any CPU.ActiveCfg = Release|Any CPU
		{6386AC4A-05E0-473A-A22F-CE1802B0E9EB}.Release|Any CPU.Build.0 = Release|Any CPU
		{7CF804B6-11FF-47B5-8987-8F7FFF249941}.Debug|Any CPU.ActiveCfg = Debug|Any CPU
		{7CF804B6-11FF-47B5-8987-8F7FFF249941}.Debug|Any CPU.Build.0 = Debug|Any CPU
		{7CF804B6-11FF-47B5-8987-8F7FFF249941}.Release|Any CPU.ActiveCfg = Release|Any CPU
		{7CF804B6-11FF-47B5-8987-8F7FFF249941}.Release|Any CPU.Build.0 = Release|Any CPU
	EndGlobalSection
EndGlobal
